
Microsoft Visual Studio Solution File, Format Version 12.00
Project("{FAE04EC0-301F-11D3-BF4B-00C04F79EFBC}") = "MMSQLCommands", "MMSQLCommands\MMSQLCommands.csproj", "{F4677043-F745-402D-ACA1-D8EC58255BA4}"
EndProject
Global
	GlobalSection(SolutionConfigurationPlatforms) = preSolution
		Debug|Any CPU = Debug|Any CPU
		Release|Any CPU = Release|Any CPU
	EndGlobalSection
	GlobalSection(ProjectConfigurationPlatforms) = postSolution
		{F4677043-F745-402D-ACA1-D8EC58255BA4}.Debug|Any CPU.ActiveCfg = Debug|Any CPU
		{F4677043-F745-402D-ACA1-D8EC58255BA4}.Debug|Any CPU.Build.0 = Debug|Any CPU
		{F4677043-F745-402D-ACA1-D8EC58255BA4}.Release|Any CPU.ActiveCfg = Release|Any CPU
		{F4677043-F745-402D-ACA1-D8EC58255BA4}.Release|Any CPU.Build.0 = Release|Any CPU
	EndGlobalSection
EndGlobal
